<?xml version="1.0" encoding="UTF-8" standalone="yes" ?>
<CodeBlocks_project_file>
	<FileVersion major="1" minor="6" />
	<Project>
		<Option title="Allègrement" />
		<Option pch_mode="2" />
		<Option compiler="gcc" />
		<Build>
			<Target title="Debug">
				<Option output="bin/Debug/Allègrement" prefix_auto="1" extension_auto="1" />
				<Option object_output="obj/Debug/" />
				<Option type="1" />
				<Option compiler="gcc" />
				<Compiler>
					<Add option="-g" />
				</Compiler>
				<Linker>
					<Add library="../../../../../Program Files (x86)/CodeBlocks/MinGW/lib/liballeg44.dll.a" />
				</Linker>
			</Target>
			<Target title="Release">
				<Option output="bin/Release/Allègrement" prefix_auto="1" extension_auto="1" />
				<Option object_output="obj/Release/" />
				<Option type="1" />
				<Option compiler="gcc" />
				<Compiler>
					<Add option="-O2" />
				</Compiler>
				<Linker>
					<Add option="-s" />
				</Linker>
			</Target>
		</Build>
		<Compiler>
			<Add option="-Wall" />
		</Compiler>
		<Unit filename="action.c">
			<Option compilerVar="CC" />
		</Unit>
		<Unit filename="action.h" />
		<Unit filename="characters.c">
			<Option compilerVar="CC" />
		</Unit>
		<Unit filename="characters.h" />
		<Unit filename="editor.c">
			<Option compilerVar="CC" />
		</Unit>
		<Unit filename="editor.h" />
		<Unit filename="game.c">
			<Option compilerVar="CC" />
		</Unit>
		<Unit filename="game.h" />
		<Unit filename="main.c">
			<Option compilerVar="CC" />
		</Unit>
		<Unit filename="main.h" />
		<Unit filename="map.c">
			<Option compilerVar="CC" />
		</Unit>
		<Unit filename="map.h" />
		<Unit filename="menu.c">
			<Option compilerVar="CC" />
		</Unit>
		<Unit filename="menu.h" />
		<Unit filename="mouse.c">
			<Option compilerVar="CC" />
		</Unit>
		<Unit filename="mouse.h" />
		<Unit filename="sequence.c">
			<Option compilerVar="CC" />
		</Unit>
		<Unit filename="sequence.h" />
		<Unit filename="structures.h" />
		<Unit filename="utilities.c">
			<Option compilerVar="CC" />
		</Unit>
		<Unit filename="utilities.h" />
		<Extensions>
			<code_completion />
			<envvars />
			<debugger />
			<lib_finder disable_auto="1" />
		</Extensions>
	</Project>
</CodeBlocks_project_file>
